{
  "name": "kahu-signalk",
  "version": "0.0.10",
  "lockfileVersion": 3,
  "requires": true,
  "packages": {
    "": {
      "name": "kahu-signalk",
      "version": "0.0.10",
      "hasInstallScript": true,
      "license": "ISC",
      "dependencies": {
        "avro-js": "^1.12.0",
        "promise-socket": "^8.0.0",
        "uuid": "^8.1.0"
      },
      "engines": {
        "node": ">=22.5.0"
      }
    },
    "node_modules/avro-js": {
      "version": "1.12.1",
      "resolved": "https://registry.npmjs.org/avro-js/-/avro-js-1.12.1.tgz",
      "integrity": "sha512-P8gTa620GdU/p1XXkWJup9Nkth3aEExgw8+0eyrKBrFLBW587iXOKyQfQ+TkgzyxUcMm8wo45KmPKujvPPRpsQ==",
      "license": "Apache-2.0",
      "dependencies": {
        "underscore": "^1.13.2"
      }
    },
    "node_modules/promise-duplex": {
      "version": "8.0.0",
      "resolved": "https://registry.npmjs.org/promise-duplex/-/promise-duplex-8.0.0.tgz",
      "integrity": "sha512-JlrnT6KZMRD+t4cxP7gh/dlGP2pl01/jTPg3pTLvFLBTdHTbTTdc+g25q0qswC3ziO9RAr3L1b2n/++4y23GQg==",
      "license": "MIT",
      "dependencies": {
        "promise-readable": "^8.0.1",
        "promise-writable": "^8.0.0"
      },
      "engines": {
        "node": ">=16.0.0"
      }
    },
    "node_modules/promise-readable": {
      "version": "8.0.1",
      "resolved": "https://registry.npmjs.org/promise-readable/-/promise-readable-8.0.1.tgz",
      "integrity": "sha512-peVAz+49xRooF1Om2wYSOluKpOApnpiJVOKgQ6IR/ZAWo15tBa4ZtcKKSTAytRiNJVlkvil9NoFhqihY4Sl1Fw==",
      "license": "MIT",
      "engines": {
        "node": ">=16.0.0"
      }
    },
    "node_modules/promise-socket": {
      "version": "8.0.0",
      "resolved": "https://registry.npmjs.org/promise-socket/-/promise-socket-8.0.0.tgz",
      "integrity": "sha512-5Qb5719QcOm3/zrt0DLiAsJXutv2vb4HRxCiOVro1eyAOMak6vF2gTIoB6f0M1mnKMCsXW1SC/O+4G3P6p7kbw==",
      "license": "MIT",
      "dependencies": {
        "promise-duplex": "^8.0.0"
      },
      "engines": {
        "node": ">=16.0.0"
      }
    },
    "node_modules/promise-writable": {
      "version": "8.0.0",
      "resolved": "https://registry.npmjs.org/promise-writable/-/promise-writable-8.0.0.tgz",
      "integrity": "sha512-Qn7/5tE42fjLUWevPm/SFmVz26tRdhmxmPXgOJSeIwLnkI2V4u0/t+CrRXb8ic1Jy9qqvOHVYm+sAIgel++eVA==",
      "license": "MIT",
      "engines": {
        "node": ">=16.0.0"
      }
    },
    "node_modules/underscore": {
      "version": "1.13.8",
      "resolved": "https://registry.npmjs.org/underscore/-/underscore-1.13.8.tgz",
      "integrity": "sha512-DXtD3ZtEQzc7M8m4cXotyHR+FAS18C64asBYY5vqZexfYryNNnDc02W4hKg3rdQuqOYas1jkseX0+nZXjTXnvQ==",
      "license": "MIT"
    },
    "node_modules/uuid": {
      "version": "8.3.2",
      "resolved": "https://registry.npmjs.org/uuid/-/uuid-8.3.2.tgz",
      "integrity": "sha512-+NYs2QeMWy+GWFOEm9xnn6HCDp0l7QBD7ml8zLUmJ+93Q5NF0NocErnwkTkXVFNiX3/fpC6afS8Dhb/gz7R7eg==",
      "license": "MIT",
      "bin": {
        "uuid": "dist/bin/uuid"
      }
    }
  }
}
